// !$*UTF8*$!
{
	archiveVersion = 1;
	classes = {
	};
	objectVersion = 77;
	objects = {

/* Begin PBXBuildFile section */
			03A10A269EA499FC85CF5852 /* CreateClientUITests.swift in Sources */ = {isa = PBXBuildFile; fileRef = 716A3D61E1FEFEF87A3F63DF /* CreateClientUITests.swift */; };
			0A36D29B5FEE43D3A8EFA69B /* AdminBikeRentalUITests.swift in Sources */ = {isa = PBXBuildFile; fileRef = 1A7783B53B324A4CB9FF7DA7 /* AdminBikeRentalUITests.swift */; };
		1B0785ABA9A78EF21187CE08 /* BackendReachabilityPolicyTests.swift in Sources */ = {isa = PBXBuildFile; fileRef = BAC50F2B0DB149A43363072E /* BackendReachabilityPolicyTests.swift */; };
		1CB1F67B87E8909AC05561D3 /* CreateClientFlowUnitTests.swift in Sources */ = {isa = PBXBuildFile; fileRef = EC0D7917489EFB24CD545DA4 /* CreateClientFlowUnitTests.swift */; };
		209D8C09CC0BC7D48D1053F0 /* ContentView.swift in Sources */ = {isa = PBXBuildFile; fileRef = 0B06085DBE1F31C40421BAE8 /* ContentView.swift */; };
			2BF942514F63DE33B0CC6ECF /* CreateClientFormValidator.swift in Sources */ = {isa = PBXBuildFile; fileRef = AB9DCC5AB764337899D966D9 /* CreateClientFormValidator.swift */; };
			5A6A9FF068D7DBE94CE1923B /* AdminHomeView.swift in Sources */ = {isa = PBXBuildFile; fileRef = B437D964BE5A9D2150A1714A /* AdminHomeView.swift */; };
			5B44FBBF9723BFB711564FA2 /* AdminClientDetailsSheet.swift in Sources */ = {isa = PBXBuildFile; fileRef = DDF6F13AE66133406CEEC204 /* AdminClientDetailsSheet.swift */; };
			E13C5F03DDDA7EB03C010375 /* AdminRentalDetailsScreen.swift in Sources */ = {isa = PBXBuildFile; fileRef = 42F9A41582A862639ADF1DFB /* AdminRentalDetailsScreen.swift */; };
			75737DAB18A72EE5806229EE /* BikeCatalogSheet.swift in Sources */ = {isa = PBXBuildFile; fileRef = 75119606472149E74A98DE24 /* BikeCatalogSheet.swift */; };
			53822B2649B195EEC76A4976 /* BikePhotoComponents.swift in Sources */ = {isa = PBXBuildFile; fileRef = 2480D79A3E0A4E452DD2F399 /* BikePhotoComponents.swift */; };
			EE45B746B5EF02F0C79B3032 /* CarriedDebtOperationSheet.swift in Sources */ = {isa = PBXBuildFile; fileRef = B86EF98A0213A14077516D60 /* CarriedDebtOperationSheet.swift */; };
			7C9AEC1763C75FE3CF472A15 /* ClientCatalogSheet.swift in Sources */ = {isa = PBXBuildFile; fileRef = F675A849AB471DC92EA7793A /* ClientCatalogSheet.swift */; };
			987E2A9AE2BE1FF8D5D7C244 /* CreateBikeSheet.swift in Sources */ = {isa = PBXBuildFile; fileRef = 096455D1B518334D0B33F840 /* CreateBikeSheet.swift */; };
			0D93C439CDF348CDA62E75CF /* CreateClientSheet.swift in Sources */ = {isa = PBXBuildFile; fileRef = 8EA00A4A4DB876D7535AF81F /* CreateClientSheet.swift */; };
			16264E410EF1C004E56105F8 /* CreateRentalSheet.swift in Sources */ = {isa = PBXBuildFile; fileRef = E3C325ECC051F8A2E2D8FBF6 /* CreateRentalSheet.swift */; };
			F951FEE7BEA6F7C396D24967 /* DebtAdjustmentSheet.swift in Sources */ = {isa = PBXBuildFile; fileRef = E555B6AD850FC184DD84D478 /* DebtAdjustmentSheet.swift */; };
			42011BA56DAA6B8015255AE0 /* EditBikeSheet.swift in Sources */ = {isa = PBXBuildFile; fileRef = F2493E2C52F03457CD04255A /* EditBikeSheet.swift */; };
			76A03FA774DC3FBB937D9070 /* EditClientProfileSheet.swift in Sources */ = {isa = PBXBuildFile; fileRef = 279572BFE2AADAB13045CFCB /* EditClientProfileSheet.swift */; };
			44A4DC71C82F65D6606BA5BC /* RentalHistoryCard.swift in Sources */ = {isa = PBXBuildFile; fileRef = 6776CE7A02E9F2A0AC8FB280 /* RentalHistoryCard.swift */; };
			C56D708A15DC07027D86F9C8 /* RentalStartBikePickerSheet.swift in Sources */ = {isa = PBXBuildFile; fileRef = 98CC1BE96DDA4FED8E284A2E /* RentalStartBikePickerSheet.swift */; };
			B53A888734BB1EFD0441C5BC /* RentalStartClientPickerSheet.swift in Sources */ = {isa = PBXBuildFile; fileRef = B1DA7D3D3C88B4E330F982E2 /* RentalStartClientPickerSheet.swift */; };
			7A7CD243D4383880B31466ED /* BackendReachabilityPolicy.swift in Sources */ = {isa = PBXBuildFile; fileRef = 2E8130A756790E47154B7493 /* BackendReachabilityPolicy.swift */; };
		8A04768463F13609EC51AE7D /* ClientHomeViewModel.swift in Sources */ = {isa = PBXBuildFile; fileRef = 46CAAFE892071E531ECD6B41 /* ClientHomeViewModel.swift */; };
		9B33C85F7DD3AD0DC22BC7A9 /* AppDesign.swift in Sources */ = {isa = PBXBuildFile; fileRef = 67DD284CB85AC16F87BA0F13 /* AppDesign.swift */; };
		AC11BB22CC33DD44EE55FF66 /* AtomGoInputField.swift in Sources */ = {isa = PBXBuildFile; fileRef = AC77BB88CC99DD00EE11FF22 /* AtomGoInputField.swift */; };
		A01BE496BEF06FA4CA205127 /* ClientHomeView.swift in Sources */ = {isa = PBXBuildFile; fileRef = 7E2AE583E4DEB4F7AC777CC5 /* ClientHomeView.swift */; };
		A4D883E98FA3D8D41487CA8C /* Assets.xcassets in Resources */ = {isa = PBXBuildFile; fileRef = FCBDF83548DFF94997E4BEF3 /* Assets.xcassets */; };
		A8D8E4A179DF4D32920C34A1 /* Poppins-Medium.ttf in Resources */ = {isa = PBXBuildFile; fileRef = A8D8E4A279DF4D32920C34A1 /* Poppins-Medium.ttf */; };
		A8D8E4A179DF4D32920C34A2 /* Urbanist-Variable.ttf in Resources */ = {isa = PBXBuildFile; fileRef = A8D8E4A279DF4D32920C34A2 /* Urbanist-Variable.ttf */; };
		AF45D347D006E922A45BC4A7 /* AppModels.swift in Sources */ = {isa = PBXBuildFile; fileRef = 31F93C8EF3C90D4012005AAE /* AppModels.swift */; };
		B7D05449E1D1732C82744DB6 /* AppViewModel.swift in Sources */ = {isa = PBXBuildFile; fileRef = 2477B38675A2682D5677B0C9 /* AppViewModel.swift */; };
		CFAE120B547EF0DA8409971B /* LoginViewModel.swift in Sources */ = {isa = PBXBuildFile; fileRef = E0F3CCB189006AB76FED0B0E /* LoginViewModel.swift */; };
		D6389B61599B0095B34D0554 /* AdminHomeViewModel.swift in Sources */ = {isa = PBXBuildFile; fileRef = 0F7F44A56F9F7489B50CE778 /* AdminHomeViewModel.swift */; };
		E634E16917E922877ED8E481 /* AtomGoIOSApp.swift in Sources */ = {isa = PBXBuildFile; fileRef = 8681599C5E052529E85B8A40 /* AtomGoIOSApp.swift */; };
		F4256BA19F2E9D32986F2729 /* BackendService.swift in Sources */ = {isa = PBXBuildFile; fileRef = EB3B9A5EAA9656DCF8860E27 /* BackendService.swift */; };
		FD4CEB41FCE99FEEAFD15476 /* AppRootView.swift in Sources */ = {isa = PBXBuildFile; fileRef = 79D264019B2B70A0B9CC22C2 /* AppRootView.swift */; };
/* End PBXBuildFile section */

/* Begin PBXContainerItemProxy section */
		032377F964FAFA542B78D4CF /* PBXContainerItemProxy */ = {
			isa = PBXContainerItemProxy;
			containerPortal = C933F713EC20934ED23859C7 /* Project object */;
			proxyType = 1;
			remoteGlobalIDString = 094D0E5ABF2B5CD38BAD77FF;
			remoteInfo = AtomGoIOS;
		};
		5B085E4E0EF95C8B273EF913 /* PBXContainerItemProxy */ = {
			isa = PBXContainerItemProxy;
			containerPortal = C933F713EC20934ED23859C7 /* Project object */;
			proxyType = 1;
			remoteGlobalIDString = 094D0E5ABF2B5CD38BAD77FF;
			remoteInfo = AtomGoIOS;
		};
/* End PBXContainerItemProxy section */

/* Begin PBXFileReference section */
		0B06085DBE1F31C40421BAE8 /* ContentView.swift */ = {isa = PBXFileReference; lastKnownFileType = sourcecode.swift; path = ContentView.swift; sourceTree = "<group>"; };
			0F7F44A56F9F7489B50CE778 /* AdminHomeViewModel.swift */ = {isa = PBXFileReference; lastKnownFileType = sourcecode.swift; path = AdminHomeViewModel.swift; sourceTree = "<group>"; };
			1A7783B53B324A4CB9FF7DA7 /* AdminBikeRentalUITests.swift */ = {isa = PBXFileReference; lastKnownFileType = sourcecode.swift; path = AdminBikeRentalUITests.swift; sourceTree = "<group>"; };
			2477B38675A2682D5677B0C9 /* AppViewModel.swift */ = {isa = PBXFileReference; lastKnownFileType = sourcecode.swift; path = AppViewModel.swift; sourceTree = "<group>"; };
		2E8130A756790E47154B7493 /* BackendReachabilityPolicy.swift */ = {isa = PBXFileReference; lastKnownFileType = sourcecode.swift; path = BackendReachabilityPolicy.swift; sourceTree = "<group>"; };
		31F93C8EF3C90D4012005AAE /* AppModels.swift */ = {isa = PBXFileReference; lastKnownFileType = sourcecode.swift; path = AppModels.swift; sourceTree = "<group>"; };
		46CAAFE892071E531ECD6B41 /* ClientHomeViewModel.swift */ = {isa = PBXFileReference; lastKnownFileType = sourcecode.swift; path = ClientHomeViewModel.swift; sourceTree = "<group>"; };
		67DD284CB85AC16F87BA0F13 /* AppDesign.swift */ = {isa = PBXFileReference; lastKnownFileType = sourcecode.swift; path = AppDesign.swift; sourceTree = "<group>"; };
		AC77BB88CC99DD00EE11FF22 /* AtomGoInputField.swift */ = {isa = PBXFileReference; lastKnownFileType = sourcecode.swift; path = AtomGoInputField.swift; sourceTree = "<group>"; };
		716A3D61E1FEFEF87A3F63DF /* CreateClientUITests.swift */ = {isa = PBXFileReference; lastKnownFileType = sourcecode.swift; path = CreateClientUITests.swift; sourceTree = "<group>"; };
		74660CFC406DEDBAEEF45C6B /* AtomGoIOSTests.xctest */ = {isa = PBXFileReference; includeInIndex = 0; lastKnownFileType = wrapper.cfbundle; path = AtomGoIOSTests.xctest; sourceTree = BUILT_PRODUCTS_DIR; };
		79D264019B2B70A0B9CC22C2 /* AppRootView.swift */ = {isa = PBXFileReference; lastKnownFileType = sourcecode.swift; path = AppRootView.swift; sourceTree = "<group>"; };
		7CFFD5758E932F636AA8000B /* AtomGoIOSUITests.xctest */ = {isa = PBXFileReference; includeInIndex = 0; lastKnownFileType = wrapper.cfbundle; path = AtomGoIOSUITests.xctest; sourceTree = BUILT_PRODUCTS_DIR; };
		7E2AE583E4DEB4F7AC777CC5 /* ClientHomeView.swift */ = {isa = PBXFileReference; lastKnownFileType = sourcecode.swift; path = ClientHomeView.swift; sourceTree = "<group>"; };
		8681599C5E052529E85B8A40 /* AtomGoIOSApp.swift */ = {isa = PBXFileReference; lastKnownFileType = sourcecode.swift; path = AtomGoIOSApp.swift; sourceTree = "<group>"; };
		A8D8E4A279DF4D32920C34A1 /* Poppins-Medium.ttf */ = {isa = PBXFileReference; lastKnownFileType = file; path = "Poppins-Medium.ttf"; sourceTree = "<group>"; };
		A8D8E4A279DF4D32920C34A2 /* Urbanist-Variable.ttf */ = {isa = PBXFileReference; lastKnownFileType = file; path = "Urbanist-Variable.ttf"; sourceTree = "<group>"; };
			AB9DCC5AB764337899D966D9 /* CreateClientFormValidator.swift */ = {isa = PBXFileReference; lastKnownFileType = sourcecode.swift; path = CreateClientFormValidator.swift; sourceTree = "<group>"; };
			B437D964BE5A9D2150A1714A /* AdminHomeView.swift */ = {isa = PBXFileReference; lastKnownFileType = sourcecode.swift; path = AdminHomeView.swift; sourceTree = "<group>"; };
			DDF6F13AE66133406CEEC204 /* AdminClientDetailsSheet.swift */ = {isa = PBXFileReference; lastKnownFileType = sourcecode.swift; path = AdminClientDetailsSheet.swift; sourceTree = "<group>"; };
			42F9A41582A862639ADF1DFB /* AdminRentalDetailsScreen.swift */ = {isa = PBXFileReference; lastKnownFileType = sourcecode.swift; path = AdminRentalDetailsScreen.swift; sourceTree = "<group>"; };
			75119606472149E74A98DE24 /* BikeCatalogSheet.swift */ = {isa = PBXFileReference; lastKnownFileType = sourcecode.swift; path = BikeCatalogSheet.swift; sourceTree = "<group>"; };
			2480D79A3E0A4E452DD2F399 /* BikePhotoComponents.swift */ = {isa = PBXFileReference; lastKnownFileType = sourcecode.swift; path = BikePhotoComponents.swift; sourceTree = "<group>"; };
			B86EF98A0213A14077516D60 /* CarriedDebtOperationSheet.swift */ = {isa = PBXFileReference; lastKnownFileType = sourcecode.swift; path = CarriedDebtOperationSheet.swift; sourceTree = "<group>"; };
			F675A849AB471DC92EA7793A /* ClientCatalogSheet.swift */ = {isa = PBXFileReference; lastKnownFileType = sourcecode.swift; path = ClientCatalogSheet.swift; sourceTree = "<group>"; };
			096455D1B518334D0B33F840 /* CreateBikeSheet.swift */ = {isa = PBXFileReference; lastKnownFileType = sourcecode.swift; path = CreateBikeSheet.swift; sourceTree = "<group>"; };
			8EA00A4A4DB876D7535AF81F /* CreateClientSheet.swift */ = {isa = PBXFileReference; lastKnownFileType = sourcecode.swift; path = CreateClientSheet.swift; sourceTree = "<group>"; };
			E3C325ECC051F8A2E2D8FBF6 /* CreateRentalSheet.swift */ = {isa = PBXFileReference; lastKnownFileType = sourcecode.swift; path = CreateRentalSheet.swift; sourceTree = "<group>"; };
			E555B6AD850FC184DD84D478 /* DebtAdjustmentSheet.swift */ = {isa = PBXFileReference; lastKnownFileType = sourcecode.swift; path = DebtAdjustmentSheet.swift; sourceTree = "<group>"; };
			F2493E2C52F03457CD04255A /* EditBikeSheet.swift */ = {isa = PBXFileReference; lastKnownFileType = sourcecode.swift; path = EditBikeSheet.swift; sourceTree = "<group>"; };
			279572BFE2AADAB13045CFCB /* EditClientProfileSheet.swift */ = {isa = PBXFileReference; lastKnownFileType = sourcecode.swift; path = EditClientProfileSheet.swift; sourceTree = "<group>"; };
			6776CE7A02E9F2A0AC8FB280 /* RentalHistoryCard.swift */ = {isa = PBXFileReference; lastKnownFileType = sourcecode.swift; path = RentalHistoryCard.swift; sourceTree = "<group>"; };
			98CC1BE96DDA4FED8E284A2E /* RentalStartBikePickerSheet.swift */ = {isa = PBXFileReference; lastKnownFileType = sourcecode.swift; path = RentalStartBikePickerSheet.swift; sourceTree = "<group>"; };
			B1DA7D3D3C88B4E330F982E2 /* RentalStartClientPickerSheet.swift */ = {isa = PBXFileReference; lastKnownFileType = sourcecode.swift; path = RentalStartClientPickerSheet.swift; sourceTree = "<group>"; };
			BAC50F2B0DB149A43363072E /* BackendReachabilityPolicyTests.swift */ = {isa = PBXFileReference; lastKnownFileType = sourcecode.swift; path = BackendReachabilityPolicyTests.swift; sourceTree = "<group>"; };
		D57A96027742B435A96FA584 /* Info.plist */ = {isa = PBXFileReference; lastKnownFileType = text.plist; path = Info.plist; sourceTree = "<group>"; };
		E0F3CCB189006AB76FED0B0E /* LoginViewModel.swift */ = {isa = PBXFileReference; lastKnownFileType = sourcecode.swift; path = LoginViewModel.swift; sourceTree = "<group>"; };
		E4C794ADC216803E9818CD47 /* AtomGoIOS.app */ = {isa = PBXFileReference; explicitFileType = wrapper.application; includeInIndex = 0; path = AtomGoIOS.app; sourceTree = BUILT_PRODUCTS_DIR; };
		EB3B9A5EAA9656DCF8860E27 /* BackendService.swift */ = {isa = PBXFileReference; lastKnownFileType = sourcecode.swift; path = BackendService.swift; sourceTree = "<group>"; };
		EC0D7917489EFB24CD545DA4 /* CreateClientFlowUnitTests.swift */ = {isa = PBXFileReference; lastKnownFileType = sourcecode.swift; path = CreateClientFlowUnitTests.swift; sourceTree = "<group>"; };
		FCBDF83548DFF94997E4BEF3 /* Assets.xcassets */ = {isa = PBXFileReference; lastKnownFileType = folder.assetcatalog; path = Assets.xcassets; sourceTree = "<group>"; };
/* End PBXFileReference section */

/* Begin PBXGroup section */
		137DAA9B1223BBF6567C66E9 /* App */ = {
			isa = PBXGroup;
			children = (
				79D264019B2B70A0B9CC22C2 /* AppRootView.swift */,
				2477B38675A2682D5677B0C9 /* AppViewModel.swift */,
			);
			path = App;
			sourceTree = "<group>";
		};
		18634C44D7E91A500200DE99 /* Models */ = {
			isa = PBXGroup;
			children = (
				31F93C8EF3C90D4012005AAE /* AppModels.swift */,
			);
			path = Models;
			sourceTree = "<group>";
		};
		2AB3177D6878ED7B5FEF26A1 /* UI */ = {
			isa = PBXGroup;
			children = (
				67DD284CB85AC16F87BA0F13 /* AppDesign.swift */,
				AC77BB88CC99DD00EE11FF22 /* AtomGoInputField.swift */,
			);
			path = UI;
			sourceTree = "<group>";
		};
		2AE8E978118D623970BFEB2F /* Auth */ = {
			isa = PBXGroup;
			children = (
				E0F3CCB189006AB76FED0B0E /* LoginViewModel.swift */,
			);
			path = Auth;
			sourceTree = "<group>";
		};
		38D07F174B12CC14467BFCCF /* Products */ = {
			isa = PBXGroup;
			children = (
				E4C794ADC216803E9818CD47 /* AtomGoIOS.app */,
				74660CFC406DEDBAEEF45C6B /* AtomGoIOSTests.xctest */,
				7CFFD5758E932F636AA8000B /* AtomGoIOSUITests.xctest */,
			);
			name = Products;
			sourceTree = "<group>";
		};
		3F8CD795034D4E424207B81E /* AtomGoIOSTests */ = {
			isa = PBXGroup;
			children = (
				BAC50F2B0DB149A43363072E /* BackendReachabilityPolicyTests.swift */,
				EC0D7917489EFB24CD545DA4 /* CreateClientFlowUnitTests.swift */,
			);
			path = AtomGoIOSTests;
			sourceTree = "<group>";
		};
		4B665547D2AC90ABD5BDBCF1 /* AtomGoIOS */ = {
			isa = PBXGroup;
			children = (
				FCBDF83548DFF94997E4BEF3 /* Assets.xcassets */,
				A8D8E4A379DF4D32920C34A1 /* Fonts */,
				8681599C5E052529E85B8A40 /* AtomGoIOSApp.swift */,
				0B06085DBE1F31C40421BAE8 /* ContentView.swift */,
				D57A96027742B435A96FA584 /* Info.plist */,
				137DAA9B1223BBF6567C66E9 /* App */,
				5CB821C12EA44722444A331A /* Core */,
				5B904D5E657AE06DBF777D3D /* Features */,
			);
			path = AtomGoIOS;
			sourceTree = "<group>";
		};
		A8D8E4A379DF4D32920C34A1 /* Fonts */ = {
			isa = PBXGroup;
			children = (
				A8D8E4A279DF4D32920C34A1 /* Poppins-Medium.ttf */,
				A8D8E4A279DF4D32920C34A2 /* Urbanist-Variable.ttf */,
			);
			path = Fonts;
			sourceTree = "<group>";
		};
		5B904D5E657AE06DBF777D3D /* Features */ = {
			isa = PBXGroup;
			children = (
				75015D99B5E4606B15465002 /* AdminHome */,
				2AE8E978118D623970BFEB2F /* Auth */,
				E0CE4B3C39247E3446CBB7B3 /* ClientHome */,
			);
			path = Features;
			sourceTree = "<group>";
		};
		5CB821C12EA44722444A331A /* Core */ = {
			isa = PBXGroup;
			children = (
				18634C44D7E91A500200DE99 /* Models */,
				F0F92BBBBEEFA02CC19F0691 /* Networking */,
				2AB3177D6878ED7B5FEF26A1 /* UI */,
			);
			path = Core;
			sourceTree = "<group>";
		};
			72D8ED7E537296BB6F713139 /* AtomGoIOSUITests */ = {
				isa = PBXGroup;
				children = (
					1A7783B53B324A4CB9FF7DA7 /* AdminBikeRentalUITests.swift */,
					716A3D61E1FEFEF87A3F63DF /* CreateClientUITests.swift */,
				);
			path = AtomGoIOSUITests;
			sourceTree = "<group>";
		};
			75015D99B5E4606B15465002 /* AdminHome */ = {
				isa = PBXGroup;
				children = (
					B437D964BE5A9D2150A1714A /* AdminHomeView.swift */,
					0F7F44A56F9F7489B50CE778 /* AdminHomeViewModel.swift */,
					AB9DCC5AB764337899D966D9 /* CreateClientFormValidator.swift */,
					DDF6F13AE66133406CEEC204 /* AdminClientDetailsSheet.swift */,
					42F9A41582A862639ADF1DFB /* AdminRentalDetailsScreen.swift */,
					75119606472149E74A98DE24 /* BikeCatalogSheet.swift */,
					2480D79A3E0A4E452DD2F399 /* BikePhotoComponents.swift */,
					B86EF98A0213A14077516D60 /* CarriedDebtOperationSheet.swift */,
					F675A849AB471DC92EA7793A /* ClientCatalogSheet.swift */,
					096455D1B518334D0B33F840 /* CreateBikeSheet.swift */,
					8EA00A4A4DB876D7535AF81F /* CreateClientSheet.swift */,
					E3C325ECC051F8A2E2D8FBF6 /* CreateRentalSheet.swift */,
					E555B6AD850FC184DD84D478 /* DebtAdjustmentSheet.swift */,
					F2493E2C52F03457CD04255A /* EditBikeSheet.swift */,
					279572BFE2AADAB13045CFCB /* EditClientProfileSheet.swift */,
					6776CE7A02E9F2A0AC8FB280 /* RentalHistoryCard.swift */,
					98CC1BE96DDA4FED8E284A2E /* RentalStartBikePickerSheet.swift */,
					B1DA7D3D3C88B4E330F982E2 /* RentalStartClientPickerSheet.swift */,
				);
				path = AdminHome;
				sourceTree = "<group>";
			};
		E0CE4B3C39247E3446CBB7B3 /* ClientHome */ = {
			isa = PBXGroup;
			children = (
				7E2AE583E4DEB4F7AC777CC5 /* ClientHomeView.swift */,
				46CAAFE892071E531ECD6B41 /* ClientHomeViewModel.swift */,
			);
			path = ClientHome;
			sourceTree = "<group>";
		};
		EFA5AF8D242224573BB9BC79 = {
			isa = PBXGroup;
			children = (
				4B665547D2AC90ABD5BDBCF1 /* AtomGoIOS */,
				3F8CD795034D4E424207B81E /* AtomGoIOSTests */,
				72D8ED7E537296BB6F713139 /* AtomGoIOSUITests */,
				38D07F174B12CC14467BFCCF /* Products */,
			);
			sourceTree = "<group>";
		};
		F0F92BBBBEEFA02CC19F0691 /* Networking */ = {
			isa = PBXGroup;
			children = (
				2E8130A756790E47154B7493 /* BackendReachabilityPolicy.swift */,
				EB3B9A5EAA9656DCF8860E27 /* BackendService.swift */,
			);
			path = Networking;
			sourceTree = "<group>";
		};
/* End PBXGroup section */

/* Begin PBXNativeTarget section */
		094D0E5ABF2B5CD38BAD77FF /* AtomGoIOS */ = {
			isa = PBXNativeTarget;
			buildConfigurationList = 48067B002791DBF529F3BB6D /* Build configuration list for PBXNativeTarget "AtomGoIOS" */;
			buildPhases = (
				D601402AD5F256CEDCCD95C1 /* Compile Kotlin */,
				DEA4613BAC09CBD6E8B5C14A /* Sources */,
				84A37D9E0FCE615CB9FF3B5F /* Resources */,
			);
			buildRules = (
			);
			dependencies = (
			);
			name = AtomGoIOS;
			packageProductDependencies = (
			);
			productName = AtomGoIOS;
			productReference = E4C794ADC216803E9818CD47 /* AtomGoIOS.app */;
			productType = "com.apple.product-type.application";
		};
		89D6B021508C0343B2F19975 /* AtomGoIOSTests */ = {
			isa = PBXNativeTarget;
			buildConfigurationList = 757856BC72D3336C4AA505B4 /* Build configuration list for PBXNativeTarget "AtomGoIOSTests" */;
			buildPhases = (
				09ED3430C5E59C7415DC486C /* Sources */,
			);
			buildRules = (
			);
			dependencies = (
				6E420C369B75A9BF1156AA0D /* PBXTargetDependency */,
			);
			name = AtomGoIOSTests;
			packageProductDependencies = (
			);
			productName = AtomGoIOSTests;
			productReference = 74660CFC406DEDBAEEF45C6B /* AtomGoIOSTests.xctest */;
			productType = "com.apple.product-type.bundle.unit-test";
		};
		B1DB3820E52DED2956B3351E /* AtomGoIOSUITests */ = {
			isa = PBXNativeTarget;
			buildConfigurationList = AC3D32840EBB08809315D87A /* Build configuration list for PBXNativeTarget "AtomGoIOSUITests" */;
			buildPhases = (
				F697645A5B6DE5791AF51491 /* Sources */,
			);
			buildRules = (
			);
			dependencies = (
				1AC465CEC43FD09B30624AFA /* PBXTargetDependency */,
			);
			name = AtomGoIOSUITests;
			packageProductDependencies = (
			);
			productName = AtomGoIOSUITests;
			productReference = 7CFFD5758E932F636AA8000B /* AtomGoIOSUITests.xctest */;
			productType = "com.apple.product-type.bundle.ui-testing";
		};
/* End PBXNativeTarget section */

/* Begin PBXProject section */
		C933F713EC20934ED23859C7 /* Project object */ = {
			isa = PBXProject;
			attributes = {
				BuildIndependentTargetsInParallel = YES;
				LastUpgradeCheck = 1430;
				TargetAttributes = {
					B1DB3820E52DED2956B3351E = {
						TestTargetID = 094D0E5ABF2B5CD38BAD77FF;
					};
				};
			};
			buildConfigurationList = 69A60547B6124E63F64CD011 /* Build configuration list for PBXProject "AtomGoIOS" */;
			developmentRegion = en;
			hasScannedForEncodings = 0;
			knownRegions = (
				Base,
				en,
			);
			mainGroup = EFA5AF8D242224573BB9BC79;
			minimizedProjectReferenceProxies = 1;
			preferredProjectObjectVersion = 77;
			productRefGroup = 38D07F174B12CC14467BFCCF /* Products */;
			projectDirPath = "";
			projectRoot = "";
			targets = (
				094D0E5ABF2B5CD38BAD77FF /* AtomGoIOS */,
				89D6B021508C0343B2F19975 /* AtomGoIOSTests */,
				B1DB3820E52DED2956B3351E /* AtomGoIOSUITests */,
			);
		};
/* End PBXProject section */

/* Begin PBXResourcesBuildPhase section */
		84A37D9E0FCE615CB9FF3B5F /* Resources */ = {
			isa = PBXResourcesBuildPhase;
			buildActionMask = 2147483647;
			files = (
				A4D883E98FA3D8D41487CA8C /* Assets.xcassets in Resources */,
				A8D8E4A179DF4D32920C34A1 /* Poppins-Medium.ttf in Resources */,
				A8D8E4A179DF4D32920C34A2 /* Urbanist-Variable.ttf in Resources */,
			);
			runOnlyForDeploymentPostprocessing = 0;
		};
/* End PBXResourcesBuildPhase section */

/* Begin PBXShellScriptBuildPhase section */
		D601402AD5F256CEDCCD95C1 /* Compile Kotlin */ = {
			isa = PBXShellScriptBuildPhase;
			buildActionMask = 2147483647;
			files = (
			);
			inputFileListPaths = (
			);
			inputPaths = (
				"$(SRCROOT)/../../build.gradle.kts",
				"$(SRCROOT)/../../settings.gradle.kts",
				"$(SRCROOT)/../../gradle.properties",
				"$(SRCROOT)/../../gradlew",
				"$(SRCROOT)/../../gradle/wrapper/gradle-wrapper.properties",
				"$(SRCROOT)/../shared/build.gradle.kts",
				"$(SRCROOT)/../shared/src/commonMain",
				"$(SRCROOT)/../shared/src/iosMain",
			);
			name = "Compile Kotlin";
			outputFileListPaths = (
			);
			outputPaths = (
				"$(SRCROOT)/../shared/build/xcode-frameworks/$(CONFIGURATION)/$(SDK_NAME)/shared.framework",
				"$(SRCROOT)/../shared/build/xcode-frameworks/$(CONFIGURATION)/$(SDK_NAME)/shared.framework/Info.plist",
				"$(TARGET_BUILD_DIR)/$(FRAMEWORKS_FOLDER_PATH)/shared.framework",
				"$(TARGET_BUILD_DIR)/$(FRAMEWORKS_FOLDER_PATH)/shared.framework/shared",
			);
			runOnlyForDeploymentPostprocessing = 0;
			shellPath = /bin/sh;
			shellScript = "set -euo pipefail\nJAVA_HOME_17=\"$(/usr/libexec/java_home -v 17 2>/dev/null || true)\"\nif [ -z \"$JAVA_HOME_17\" ]; then\n  echo \"ERROR: JDK 17 is required for Kotlin/Gradle iOS build script.\"\n  exit 1\nfi\nexport JAVA_HOME=\"$JAVA_HOME_17\"\nexport ORG_GRADLE_JAVA_HOME=\"$JAVA_HOME\"\nexport PATH=\"$JAVA_HOME/bin:$PATH\"\n\nexport CONFIGURATION=\"${CONFIGURATION:-Debug}\"\nexport SDK_NAME=\"${SDK_NAME:-iphonesimulator}\"\n\nif [ -z \"${PLATFORM_NAME:-}\" ]; then\n  case \"$SDK_NAME\" in\n    iphoneos*) PLATFORM_NAME=\"iphoneos\" ;;\n    iphonesimulator*) PLATFORM_NAME=\"iphonesimulator\" ;;\n    *) PLATFORM_NAME=\"iphonesimulator\" ;;\n  esac\n  export PLATFORM_NAME\nfi\n\nif [ -z \"${ARCHS:-}\" ]; then\n  export ARCHS=\"${NATIVE_ARCH_ACTUAL:-arm64}\"\nfi\n\ncd \"$SRCROOT/../..\"\n./gradlew -Dorg.gradle.java.home=\"$JAVA_HOME\" :mobile:shared:embedAndSignAppleFrameworkForXcode\n\nFRAMEWORK_BINARY_PATH=\"${TARGET_BUILD_DIR}/${FRAMEWORKS_FOLDER_PATH}/shared.framework/shared\"\nif [ ! -f \"$FRAMEWORK_BINARY_PATH\" ]; then\n  echo \"ERROR: shared.framework is missing in app bundle after Gradle embed step.\"\n  echo \"Expected: $FRAMEWORK_BINARY_PATH\"\n  exit 1\nfi\n";
		};
/* End PBXShellScriptBuildPhase section */

/* Begin PBXSourcesBuildPhase section */
		09ED3430C5E59C7415DC486C /* Sources */ = {
			isa = PBXSourcesBuildPhase;
			buildActionMask = 2147483647;
			files = (
				1B0785ABA9A78EF21187CE08 /* BackendReachabilityPolicyTests.swift in Sources */,
				1CB1F67B87E8909AC05561D3 /* CreateClientFlowUnitTests.swift in Sources */,
			);
			runOnlyForDeploymentPostprocessing = 0;
		};
		DEA4613BAC09CBD6E8B5C14A /* Sources */ = {
			isa = PBXSourcesBuildPhase;
			buildActionMask = 2147483647;
				files = (
					5A6A9FF068D7DBE94CE1923B /* AdminHomeView.swift in Sources */,
					D6389B61599B0095B34D0554 /* AdminHomeViewModel.swift in Sources */,
					5B44FBBF9723BFB711564FA2 /* AdminClientDetailsSheet.swift in Sources */,
					E13C5F03DDDA7EB03C010375 /* AdminRentalDetailsScreen.swift in Sources */,
					75737DAB18A72EE5806229EE /* BikeCatalogSheet.swift in Sources */,
					53822B2649B195EEC76A4976 /* BikePhotoComponents.swift in Sources */,
					EE45B746B5EF02F0C79B3032 /* CarriedDebtOperationSheet.swift in Sources */,
					7C9AEC1763C75FE3CF472A15 /* ClientCatalogSheet.swift in Sources */,
					987E2A9AE2BE1FF8D5D7C244 /* CreateBikeSheet.swift in Sources */,
					0D93C439CDF348CDA62E75CF /* CreateClientSheet.swift in Sources */,
					16264E410EF1C004E56105F8 /* CreateRentalSheet.swift in Sources */,
					F951FEE7BEA6F7C396D24967 /* DebtAdjustmentSheet.swift in Sources */,
					42011BA56DAA6B8015255AE0 /* EditBikeSheet.swift in Sources */,
					76A03FA774DC3FBB937D9070 /* EditClientProfileSheet.swift in Sources */,
					44A4DC71C82F65D6606BA5BC /* RentalHistoryCard.swift in Sources */,
					C56D708A15DC07027D86F9C8 /* RentalStartBikePickerSheet.swift in Sources */,
					B53A888734BB1EFD0441C5BC /* RentalStartClientPickerSheet.swift in Sources */,
					9B33C85F7DD3AD0DC22BC7A9 /* AppDesign.swift in Sources */,
					AC11BB22CC33DD44EE55FF66 /* AtomGoInputField.swift in Sources */,
					AF45D347D006E922A45BC4A7 /* AppModels.swift in Sources */,
					FD4CEB41FCE99FEEAFD15476 /* AppRootView.swift in Sources */,
				B7D05449E1D1732C82744DB6 /* AppViewModel.swift in Sources */,
				E634E16917E922877ED8E481 /* AtomGoIOSApp.swift in Sources */,
				7A7CD243D4383880B31466ED /* BackendReachabilityPolicy.swift in Sources */,
				F4256BA19F2E9D32986F2729 /* BackendService.swift in Sources */,
				A01BE496BEF06FA4CA205127 /* ClientHomeView.swift in Sources */,
				8A04768463F13609EC51AE7D /* ClientHomeViewModel.swift in Sources */,
				209D8C09CC0BC7D48D1053F0 /* ContentView.swift in Sources */,
				2BF942514F63DE33B0CC6ECF /* CreateClientFormValidator.swift in Sources */,
				CFAE120B547EF0DA8409971B /* LoginViewModel.swift in Sources */,
			);
			runOnlyForDeploymentPostprocessing = 0;
		};
			F697645A5B6DE5791AF51491 /* Sources */ = {
				isa = PBXSourcesBuildPhase;
				buildActionMask = 2147483647;
				files = (
					0A36D29B5FEE43D3A8EFA69B /* AdminBikeRentalUITests.swift in Sources */,
					03A10A269EA499FC85CF5852 /* CreateClientUITests.swift in Sources */,
				);
			runOnlyForDeploymentPostprocessing = 0;
		};
/* End PBXSourcesBuildPhase section */

/* Begin PBXTargetDependency section */
		1AC465CEC43FD09B30624AFA /* PBXTargetDependency */ = {
			isa = PBXTargetDependency;
			target = 094D0E5ABF2B5CD38BAD77FF /* AtomGoIOS */;
			targetProxy = 032377F964FAFA542B78D4CF /* PBXContainerItemProxy */;
		};
		6E420C369B75A9BF1156AA0D /* PBXTargetDependency */ = {
			isa = PBXTargetDependency;
			target = 094D0E5ABF2B5CD38BAD77FF /* AtomGoIOS */;
			targetProxy = 5B085E4E0EF95C8B273EF913 /* PBXContainerItemProxy */;
		};
/* End PBXTargetDependency section */

/* Begin XCBuildConfiguration section */
			0CDAF31AEF82139B066DCD31 /* Debug */ = {
				isa = XCBuildConfiguration;
				buildSettings = {
					BUNDLE_LOADER = "$(TEST_HOST)";
					DEVELOPMENT_TEAM = R7K637DW83;
					GENERATE_INFOPLIST_FILE = YES;
					IPHONEOS_DEPLOYMENT_TARGET = 16.0;
				LD_RUNPATH_SEARCH_PATHS = (
					"$(inherited)",
					"@executable_path/Frameworks",
					"@loader_path/Frameworks",
				);
				PRODUCT_BUNDLE_IDENTIFIER = com.atom.go.tests;
				SDKROOT = iphoneos;
				SWIFT_VERSION = 5.0;
				TARGETED_DEVICE_FAMILY = "1,2";
				TEST_HOST = "$(BUILT_PRODUCTS_DIR)/AtomGoIOS.app/AtomGoIOS";
			};
			name = Debug;
		};
			35B8A2DFAF29191A2EE44F1C /* Release */ = {
				isa = XCBuildConfiguration;
				buildSettings = {
					BUNDLE_LOADER = "$(TEST_HOST)";
					DEVELOPMENT_TEAM = R7K637DW83;
					GENERATE_INFOPLIST_FILE = YES;
					IPHONEOS_DEPLOYMENT_TARGET = 16.0;
				LD_RUNPATH_SEARCH_PATHS = (
					"$(inherited)",
					"@executable_path/Frameworks",
					"@loader_path/Frameworks",
				);
				PRODUCT_BUNDLE_IDENTIFIER = com.atom.go.tests;
				SDKROOT = iphoneos;
				SWIFT_VERSION = 5.0;
				TARGETED_DEVICE_FAMILY = "1,2";
				TEST_HOST = "$(BUILT_PRODUCTS_DIR)/AtomGoIOS.app/AtomGoIOS";
			};
			name = Release;
		};
			42A715D4B78E071EC2326D31 /* Release */ = {
				isa = XCBuildConfiguration;
				buildSettings = {
					BUNDLE_LOADER = "$(TEST_HOST)";
					DEVELOPMENT_TEAM = R7K637DW83;
					GENERATE_INFOPLIST_FILE = YES;
					IPHONEOS_DEPLOYMENT_TARGET = 16.0;
				LD_RUNPATH_SEARCH_PATHS = (
					"$(inherited)",
					"@executable_path/Frameworks",
					"@loader_path/Frameworks",
				);
				PRODUCT_BUNDLE_IDENTIFIER = com.atom.go.uitests;
				SDKROOT = iphoneos;
				SWIFT_VERSION = 5.0;
				TARGETED_DEVICE_FAMILY = "1,2";
				TEST_TARGET_NAME = AtomGoIOS;
			};
			name = Release;
		};
		6BF1AA33D21AAF4B423E0641 /* Debug */ = {
			isa = XCBuildConfiguration;
			buildSettings = {
				ASSETCATALOG_COMPILER_APPICON_NAME = AppIcon;
				CODE_SIGN_IDENTITY = "iPhone Developer";
				DEVELOPMENT_TEAM = R7K637DW83;
				ENABLE_TESTABILITY = YES;
				FRAMEWORK_SEARCH_PATHS = (
					"$(inherited)",
					"$(SRCROOT)/../shared/build/xcode-frameworks/$(CONFIGURATION)/$(SDK_NAME)",
				);
				GCC_OPTIMIZATION_LEVEL = s;
				INFOPLIST_FILE = AtomGoIOS/Info.plist;
				IPHONEOS_DEPLOYMENT_TARGET = 16.0;
				LD_RUNPATH_SEARCH_PATHS = (
					"$(inherited)",
					"@executable_path/Frameworks",
				);
				MTL_ENABLE_DEBUG_INFO = NO;
				OTHER_LDFLAGS = (
					"$(inherited)",
					"-framework",
					shared,
				);
				PRODUCT_BUNDLE_IDENTIFIER = com.atom.go;
				SDKROOT = iphoneos;
				SWIFT_OPTIMIZATION_LEVEL = "-Osize";
				SWIFT_VERSION = 5.0;
				TARGETED_DEVICE_FAMILY = "1,2";
			};
			name = Debug;
		};
			74D3A45F5547C89953BDCB45 /* Debug */ = {
				isa = XCBuildConfiguration;
				buildSettings = {
					BUNDLE_LOADER = "$(TEST_HOST)";
					DEVELOPMENT_TEAM = R7K637DW83;
					GENERATE_INFOPLIST_FILE = YES;
					IPHONEOS_DEPLOYMENT_TARGET = 16.0;
				LD_RUNPATH_SEARCH_PATHS = (
					"$(inherited)",
					"@executable_path/Frameworks",
					"@loader_path/Frameworks",
				);
				PRODUCT_BUNDLE_IDENTIFIER = com.atom.go.uitests;
				SDKROOT = iphoneos;
				SWIFT_VERSION = 5.0;
				TARGETED_DEVICE_FAMILY = "1,2";
				TEST_TARGET_NAME = AtomGoIOS;
			};
			name = Debug;
		};
		9EEFC1F1909108F082BAAF56 /* Release */ = {
			isa = XCBuildConfiguration;
			buildSettings = {
				ASSETCATALOG_COMPILER_APPICON_NAME = AppIcon;
				CODE_SIGN_IDENTITY = "iPhone Developer";
				DEVELOPMENT_TEAM = R7K637DW83;
				FRAMEWORK_SEARCH_PATHS = (
					"$(inherited)",
					"$(SRCROOT)/../shared/build/xcode-frameworks/$(CONFIGURATION)/$(SDK_NAME)",
				);
				INFOPLIST_FILE = AtomGoIOS/Info.plist;
				IPHONEOS_DEPLOYMENT_TARGET = 16.0;
				LD_RUNPATH_SEARCH_PATHS = (
					"$(inherited)",
					"@executable_path/Frameworks",
				);
				OTHER_LDFLAGS = (
					"$(inherited)",
					"-framework",
					shared,
				);
				PRODUCT_BUNDLE_IDENTIFIER = com.atom.go;
				SDKROOT = iphoneos;
				SWIFT_VERSION = 5.0;
				TARGETED_DEVICE_FAMILY = "1,2";
			};
			name = Release;
		};
		C4DF2E1C6B2417C628635BBB /* Debug */ = {
			isa = XCBuildConfiguration;
			buildSettings = {
				ALWAYS_SEARCH_USER_PATHS = NO;
				CLANG_ANALYZER_NONNULL = YES;
				CLANG_ANALYZER_NUMBER_OBJECT_CONVERSION = YES_AGGRESSIVE;
				CLANG_CXX_LANGUAGE_STANDARD = "gnu++14";
				CLANG_CXX_LIBRARY = "libc++";
				CLANG_ENABLE_MODULES = YES;
				CLANG_ENABLE_OBJC_ARC = YES;
				CLANG_ENABLE_OBJC_WEAK = YES;
				CLANG_WARN_BLOCK_CAPTURE_AUTORELEASING = YES;
				CLANG_WARN_BOOL_CONVERSION = YES;
				CLANG_WARN_COMMA = YES;
				CLANG_WARN_CONSTANT_CONVERSION = YES;
				CLANG_WARN_DEPRECATED_OBJC_IMPLEMENTATIONS = YES;
				CLANG_WARN_DIRECT_OBJC_ISA_USAGE = YES_ERROR;
				CLANG_WARN_DOCUMENTATION_COMMENTS = YES;
				CLANG_WARN_EMPTY_BODY = YES;
				CLANG_WARN_ENUM_CONVERSION = YES;
				CLANG_WARN_INFINITE_RECURSION = YES;
				CLANG_WARN_INT_CONVERSION = YES;
				CLANG_WARN_NON_LITERAL_NULL_CONVERSION = YES;
				CLANG_WARN_OBJC_IMPLICIT_RETAIN_SELF = YES;
				CLANG_WARN_OBJC_LITERAL_CONVERSION = YES;
				CLANG_WARN_OBJC_ROOT_CLASS = YES_ERROR;
				CLANG_WARN_QUOTED_INCLUDE_IN_FRAMEWORK_HEADER = YES;
				CLANG_WARN_RANGE_LOOP_ANALYSIS = YES;
				CLANG_WARN_STRICT_PROTOTYPES = YES;
				CLANG_WARN_SUSPICIOUS_MOVE = YES;
				CLANG_WARN_UNGUARDED_AVAILABILITY = YES_AGGRESSIVE;
				CLANG_WARN_UNREACHABLE_CODE = YES;
				CLANG_WARN__DUPLICATE_METHOD_MATCH = YES;
				COPY_PHASE_STRIP = NO;
				DEBUG_INFORMATION_FORMAT = dwarf;
				ENABLE_STRICT_OBJC_MSGSEND = YES;
				ENABLE_TESTABILITY = YES;
				GCC_C_LANGUAGE_STANDARD = gnu11;
				GCC_DYNAMIC_NO_PIC = NO;
				GCC_NO_COMMON_BLOCKS = YES;
				GCC_OPTIMIZATION_LEVEL = 0;
				GCC_PREPROCESSOR_DEFINITIONS = (
					"$(inherited)",
					"DEBUG=1",
				);
				GCC_WARN_64_TO_32_BIT_CONVERSION = YES;
				GCC_WARN_ABOUT_RETURN_TYPE = YES_ERROR;
				GCC_WARN_UNDECLARED_SELECTOR = YES;
				GCC_WARN_UNINITIALIZED_AUTOS = YES_AGGRESSIVE;
				GCC_WARN_UNUSED_FUNCTION = YES;
				GCC_WARN_UNUSED_VARIABLE = YES;
				IPHONEOS_DEPLOYMENT_TARGET = 16.0;
				MTL_ENABLE_DEBUG_INFO = INCLUDE_SOURCE;
				MTL_FAST_MATH = YES;
				ONLY_ACTIVE_ARCH = YES;
				PRODUCT_NAME = "$(TARGET_NAME)";
				SDKROOT = iphoneos;
				SWIFT_ACTIVE_COMPILATION_CONDITIONS = DEBUG;
				SWIFT_OPTIMIZATION_LEVEL = "-Onone";
				SWIFT_VERSION = 5.0;
			};
			name = Debug;
		};
		E0FD124FA06726B1314A81D7 /* Release */ = {
			isa = XCBuildConfiguration;
			buildSettings = {
				ALWAYS_SEARCH_USER_PATHS = NO;
				CLANG_ANALYZER_NONNULL = YES;
				CLANG_ANALYZER_NUMBER_OBJECT_CONVERSION = YES_AGGRESSIVE;
				CLANG_CXX_LANGUAGE_STANDARD = "gnu++14";
				CLANG_CXX_LIBRARY = "libc++";
				CLANG_ENABLE_MODULES = YES;
				CLANG_ENABLE_OBJC_ARC = YES;
				CLANG_ENABLE_OBJC_WEAK = YES;
				CLANG_WARN_BLOCK_CAPTURE_AUTORELEASING = YES;
				CLANG_WARN_BOOL_CONVERSION = YES;
				CLANG_WARN_COMMA = YES;
				CLANG_WARN_CONSTANT_CONVERSION = YES;
				CLANG_WARN_DEPRECATED_OBJC_IMPLEMENTATIONS = YES;
				CLANG_WARN_DIRECT_OBJC_ISA_USAGE = YES_ERROR;
				CLANG_WARN_DOCUMENTATION_COMMENTS = YES;
				CLANG_WARN_EMPTY_BODY = YES;
				CLANG_WARN_ENUM_CONVERSION = YES;
				CLANG_WARN_INFINITE_RECURSION = YES;
				CLANG_WARN_INT_CONVERSION = YES;
				CLANG_WARN_NON_LITERAL_NULL_CONVERSION = YES;
				CLANG_WARN_OBJC_IMPLICIT_RETAIN_SELF = YES;
				CLANG_WARN_OBJC_LITERAL_CONVERSION = YES;
				CLANG_WARN_OBJC_ROOT_CLASS = YES_ERROR;
				CLANG_WARN_QUOTED_INCLUDE_IN_FRAMEWORK_HEADER = YES;
				CLANG_WARN_RANGE_LOOP_ANALYSIS = YES;
				CLANG_WARN_STRICT_PROTOTYPES = YES;
				CLANG_WARN_SUSPICIOUS_MOVE = YES;
				CLANG_WARN_UNGUARDED_AVAILABILITY = YES_AGGRESSIVE;
				CLANG_WARN_UNREACHABLE_CODE = YES;
				CLANG_WARN__DUPLICATE_METHOD_MATCH = YES;
				COPY_PHASE_STRIP = NO;
				DEBUG_INFORMATION_FORMAT = "dwarf-with-dsym";
				ENABLE_NS_ASSERTIONS = NO;
				ENABLE_STRICT_OBJC_MSGSEND = YES;
				GCC_C_LANGUAGE_STANDARD = gnu11;
				GCC_NO_COMMON_BLOCKS = YES;
				GCC_WARN_64_TO_32_BIT_CONVERSION = YES;
				GCC_WARN_ABOUT_RETURN_TYPE = YES_ERROR;
				GCC_WARN_UNDECLARED_SELECTOR = YES;
				GCC_WARN_UNINITIALIZED_AUTOS = YES_AGGRESSIVE;
				GCC_WARN_UNUSED_FUNCTION = YES;
				GCC_WARN_UNUSED_VARIABLE = YES;
				IPHONEOS_DEPLOYMENT_TARGET = 16.0;
				MTL_ENABLE_DEBUG_INFO = NO;
				MTL_FAST_MATH = YES;
				PRODUCT_NAME = "$(TARGET_NAME)";
				SDKROOT = iphoneos;
				SWIFT_COMPILATION_MODE = wholemodule;
				SWIFT_OPTIMIZATION_LEVEL = "-O";
				SWIFT_VERSION = 5.0;
			};
			name = Release;
		};
/* End XCBuildConfiguration section */

/* Begin XCConfigurationList section */
		48067B002791DBF529F3BB6D /* Build configuration list for PBXNativeTarget "AtomGoIOS" */ = {
			isa = XCConfigurationList;
			buildConfigurations = (
				6BF1AA33D21AAF4B423E0641 /* Debug */,
				9EEFC1F1909108F082BAAF56 /* Release */,
			);
			defaultConfigurationIsVisible = 0;
			defaultConfigurationName = Debug;
		};
		69A60547B6124E63F64CD011 /* Build configuration list for PBXProject "AtomGoIOS" */ = {
			isa = XCConfigurationList;
			buildConfigurations = (
				C4DF2E1C6B2417C628635BBB /* Debug */,
				E0FD124FA06726B1314A81D7 /* Release */,
			);
			defaultConfigurationIsVisible = 0;
			defaultConfigurationName = Debug;
		};
		757856BC72D3336C4AA505B4 /* Build configuration list for PBXNativeTarget "AtomGoIOSTests" */ = {
			isa = XCConfigurationList;
			buildConfigurations = (
				0CDAF31AEF82139B066DCD31 /* Debug */,
				35B8A2DFAF29191A2EE44F1C /* Release */,
			);
			defaultConfigurationIsVisible = 0;
			defaultConfigurationName = Debug;
		};
		AC3D32840EBB08809315D87A /* Build configuration list for PBXNativeTarget "AtomGoIOSUITests" */ = {
			isa = XCConfigurationList;
			buildConfigurations = (
				74D3A45F5547C89953BDCB45 /* Debug */,
				42A715D4B78E071EC2326D31 /* Release */,
			);
			defaultConfigurationIsVisible = 0;
			defaultConfigurationName = Debug;
		};
/* End XCConfigurationList section */
	};
	rootObject = C933F713EC20934ED23859C7 /* Project object */;
}
